// !$*UTF8*$!
{
	archiveVersion = 1;
	classes = {
	};
	objectVersion = 90;
	objects = {

/* Begin PBXBuildFile section */
		D1C6D9432E1ABB8A0084D5D3 /* Supabase in Frameworks */ = {isa = PBXBuildFile; productRef = D1C6D9422E1ABB8A0084D5D3 /* Supabase */; };
/* End PBXBuildFile section */

/* Begin PBXContainerItemProxy section */
		D197FB972E7760480038BFF3 /* PBXContainerItemProxy */ = {
			isa = PBXContainerItemProxy;
			containerPortal = D16774912E04B62500967AC8 /* Project object */;
			proxyType = 1;
			remoteGlobalIDString = D16774982E04B62500967AC8;
			remoteInfo = LexiGrow;
		};
		D197FBA62E77608F0038BFF3 /* PBXContainerItemProxy */ = {
			isa = PBXContainerItemProxy;
			containerPortal = D16774912E04B62500967AC8 /* Project object */;
			proxyType = 1;
			remoteGlobalIDString = D16774982E04B62500967AC8;
			remoteInfo = LexiGrow;
		};
/* End PBXContainerItemProxy section */

/* Begin PBXFileReference section */
		D16774992E04B62600967AC8 /* LexiGrow.app */ = {isa = PBXFileReference; explicitFileType = wrapper.application; includeInIndex = 0; path = LexiGrow.app; sourceTree = BUILT_PRODUCTS_DIR; };
		D197FB932E7760480038BFF3 /* LexiGrowTests.xctest */ = {isa = PBXFileReference; explicitFileType = wrapper.cfbundle; includeInIndex = 0; path = LexiGrowTests.xctest; sourceTree = BUILT_PRODUCTS_DIR; };
		D197FBA02E77608F0038BFF3 /* LexiGrowUITests.xctest */ = {isa = PBXFileReference; explicitFileType = wrapper.cfbundle; includeInIndex = 0; path = LexiGrowUITests.xctest; sourceTree = BUILT_PRODUCTS_DIR; };
/* End PBXFileReference section */

/* Begin PBXFileSystemSynchronizedBuildFileExceptionSet section */
		D1FA1E652E4B651600477A27 /* Exceptions for "LexiGrow" folder in "LexiGrow" target */ = {
			isa = PBXFileSystemSynchronizedBuildFileExceptionSet;
			membershipExceptions = (
				Resources/Info.plist,
			);
			target = D16774982E04B62500967AC8 /* LexiGrow */;
		};
/* End PBXFileSystemSynchronizedBuildFileExceptionSet section */

/* Begin PBXFileSystemSynchronizedRootGroup section */
		D167749B2E04B62600967AC8 /* LexiGrow */ = {
			isa = PBXFileSystemSynchronizedRootGroup;
			exceptions = (
				D1FA1E652E4B651600477A27 /* Exceptions for "LexiGrow" folder in "LexiGrow" target */,
			);
			path = LexiGrow;
			sourceTree = "<group>";
		};
		D197FB942E7760480038BFF3 /* LexiGrowTests */ = {
			isa = PBXFileSystemSynchronizedRootGroup;
			path = LexiGrowTests;
			sourceTree = "<group>";
		};
		D197FBA12E77608F0038BFF3 /* LexiGrowUITests */ = {
			isa = PBXFileSystemSynchronizedRootGroup;
			path = LexiGrowUITests;
			sourceTree = "<group>";
		};
/* End PBXFileSystemSynchronizedRootGroup section */

/* Begin PBXFrameworksBuildPhase section */
		D16774962E04B62500967AC8 /* Frameworks */ = {
			isa = PBXFrameworksBuildPhase;
			files = (
				D1C6D9432E1ABB8A0084D5D3 /* Supabase in Frameworks */,
			);
		};
		D197FB902E7760480038BFF3 /* Frameworks */ = {
			isa = PBXFrameworksBuildPhase;
			files = (
			);
		};
		D197FB9D2E77608F0038BFF3 /* Frameworks */ = {
			isa = PBXFrameworksBuildPhase;
			files = (
			);
		};
/* End PBXFrameworksBuildPhase section */

/* Begin PBXGroup section */
		D16774902E04B62500967AC8 = {
			isa = PBXGroup;
			children = (
				D167749B2E04B62600967AC8 /* LexiGrow */,
				D197FB942E7760480038BFF3 /* LexiGrowTests */,
				D197FBA12E77608F0038BFF3 /* LexiGrowUITests */,
				D1C6D9412E1ABB8A0084D5D3 /* Frameworks */,
				D167749A2E04B62600967AC8 /* Products */,
			);
			sourceTree = "<group>";
		};
		D167749A2E04B62600967AC8 /* Products */ = {
			isa = PBXGroup;
			children = (
				D16774992E04B62600967AC8 /* LexiGrow.app */,
				D197FB932E7760480038BFF3 /* LexiGrowTests.xctest */,
				D197FBA02E77608F0038BFF3 /* LexiGrowUITests.xctest */,
			);
			name = Products;
			sourceTree = "<group>";
		};
		D1C6D9412E1ABB8A0084D5D3 /* Frameworks */ = {
			isa = PBXGroup;
			children = (
			);
			name = Frameworks;
			sourceTree = "<group>";
		};
/* End PBXGroup section */

/* Begin PBXNativeTarget section */
		D16774982E04B62500967AC8 /* LexiGrow */ = {
			isa = PBXNativeTarget;
			buildConfigurationList = D16774A72E04B62700967AC8 /* Build configuration list for PBXNativeTarget "LexiGrow" */;
			buildPhases = (
				D16774952E04B62500967AC8 /* Sources */,
				D16774962E04B62500967AC8 /* Frameworks */,
				D16774972E04B62500967AC8 /* Resources */,
			);
			buildRules = (
			);
			fileSystemSynchronizedGroups = (
				D167749B2E04B62600967AC8 /* LexiGrow */,
			);
			name = LexiGrow;
			packageProductDependencies = (
				D1C6D9422E1ABB8A0084D5D3 /* Supabase */,
			);
			productName = LexiGrow;
			productReference = D16774992E04B62600967AC8 /* LexiGrow.app */;
			productType = "com.apple.product-type.application";
		};
		D197FB922E7760480038BFF3 /* LexiGrowTests */ = {
			isa = PBXNativeTarget;
			buildConfigurationList = D197FB9B2E7760480038BFF3 /* Build configuration list for PBXNativeTarget "LexiGrowTests" */;
			buildPhases = (
				D197FB8F2E7760480038BFF3 /* Sources */,
				D197FB902E7760480038BFF3 /* Frameworks */,
				D197FB912E7760480038BFF3 /* Resources */,
			);
			buildRules = (
			);
			dependencies = (
				D197FB982E7760480038BFF3 /* PBXTargetDependency */,
			);
			fileSystemSynchronizedGroups = (
				D197FB942E7760480038BFF3 /* LexiGrowTests */,
			);
			name = LexiGrowTests;
			productName = LexiGrowTests;
			productReference = D197FB932E7760480038BFF3 /* LexiGrowTests.xctest */;
			productType = "com.apple.product-type.bundle.unit-test";
		};
		D197FB9F2E77608F0038BFF3 /* LexiGrowUITests */ = {
			isa = PBXNativeTarget;
			buildConfigurationList = D197FBA82E77608F0038BFF3 /* Build configuration list for PBXNativeTarget "LexiGrowUITests" */;
			buildPhases = (
				D197FB9C2E77608F0038BFF3 /* Sources */,
				D197FB9D2E77608F0038BFF3 /* Frameworks */,
				D197FB9E2E77608F0038BFF3 /* Resources */,
			);
			buildRules = (
			);
			dependencies = (
				D197FBA72E77608F0038BFF3 /* PBXTargetDependency */,
			);
			fileSystemSynchronizedGroups = (
				D197FBA12E77608F0038BFF3 /* LexiGrowUITests */,
			);
			name = LexiGrowUITests;
			productName = LexiGrowUITests;
			productReference = D197FBA02E77608F0038BFF3 /* LexiGrowUITests.xctest */;
			productType = "com.apple.product-type.bundle.ui-testing";
		};
/* End PBXNativeTarget section */

/* Begin PBXProject section */
		D16774912E04B62500967AC8 /* Project object */ = {
			isa = PBXProject;
			attributes = {
				BuildIndependentTargetsInParallel = 1;
				LastSwiftUpdateCheck = 1620;
				LastUpgradeCheck = 1620;
				TargetAttributes = {
					D16774982E04B62500967AC8 = {
						CreatedOnToolsVersion = 16.2;
					};
					D197FB922E7760480038BFF3 = {
						CreatedOnToolsVersion = 16.2;
						TestTargetID = D16774982E04B62500967AC8;
					};
					D197FB9F2E77608F0038BFF3 = {
						CreatedOnToolsVersion = 16.2;
						TestTargetID = D16774982E04B62500967AC8;
					};
				};
			};
			buildConfigurationList = D16774942E04B62500967AC8 /* Build configuration list for PBXProject "LexiGrow" */;
			developmentRegion = en;
			hasScannedForEncodings = 0;
			knownRegions = (
				en,
				Base,
			);
			mainGroup = D16774902E04B62500967AC8;
			minimizedProjectReferenceProxies = 1;
			packageReferences = (
				D1C6D9322E1AA5840084D5D3 /* XCRemoteSwiftPackageReference "supabase-swift" */,
			);
			preferredProjectObjectVersion = 90;
			productRefGroup = D167749A2E04B62600967AC8 /* Products */;
			projectDirPath = "";
			projectRoot = "";
			targets = (
				D16774982E04B62500967AC8 /* LexiGrow */,
				D197FB922E7760480038BFF3 /* LexiGrowTests */,
				D197FB9F2E77608F0038BFF3 /* LexiGrowUITests */,
			);
		};
/* End PBXProject section */

/* Begin PBXResourcesBuildPhase section */
		D16774972E04B62500967AC8 /* Resources */ = {
			isa = PBXResourcesBuildPhase;
			files = (
			);
		};
		D197FB912E7760480038BFF3 /* Resources */ = {
			isa = PBXResourcesBuildPhase;
			files = (
			);
		};
		D197FB9E2E77608F0038BFF3 /* Resources */ = {
			isa = PBXResourcesBuildPhase;
			files = (
			);
		};
/* End PBXResourcesBuildPhase section */

/* Begin PBXSourcesBuildPhase section */
		D16774952E04B62500967AC8 /* Sources */ = {
			isa = PBXSourcesBuildPhase;
			files = (
			);
		};
		D197FB8F2E7760480038BFF3 /* Sources */ = {
			isa = PBXSourcesBuildPhase;
			files = (
			);
		};
		D197FB9C2E77608F0038BFF3 /* Sources */ = {
			isa = PBXSourcesBuildPhase;
			files = (
			);
		};
/* End PBXSourcesBuildPhase section */

/* Begin PBXTargetDependency section */
		D197FB982E7760480038BFF3 /* PBXTargetDependency */ = {
			isa = PBXTargetDependency;
			target = D16774982E04B62500967AC8 /* LexiGrow */;
			targetProxy = D197FB972E7760480038BFF3 /* PBXContainerItemProxy */;
		};
		D197FBA72E77608F0038BFF3 /* PBXTargetDependency */ = {
			isa = PBXTargetDependency;
			target = D16774982E04B62500967AC8 /* LexiGrow */;
			targetProxy = D197FBA62E77608F0038BFF3 /* PBXContainerItemProxy */;
		};
/* End PBXTargetDependency section */

/* Begin XCBuildConfiguration section */
		D16774A52E04B62700967AC8 /* Debug configuration for PBXProject "LexiGrow" */ = {
			isa = XCBuildConfiguration;
			baseConfigurationReferenceAnchor = D167749B2E04B62600967AC8 /* LexiGrow */;
			baseConfigurationReferenceRelativePath = Secrets.xcconfig;
			buildSettings = {
				ALWAYS_SEARCH_USER_PATHS = NO;
				ASSETCATALOG_COMPILER_GENERATE_SWIFT_ASSET_SYMBOL_EXTENSIONS = YES;
				CLANG_ANALYZER_NONNULL = YES;
				CLANG_ANALYZER_NUMBER_OBJECT_CONVERSION = YES_AGGRESSIVE;
				CLANG_CXX_LANGUAGE_STANDARD = "gnu++20";
				CLANG_ENABLE_MODULES = YES;
				CLANG_ENABLE_OBJC_ARC = YES;
				CLANG_ENABLE_OBJC_WEAK = YES;
				CLANG_WARN_BLOCK_CAPTURE_AUTORELEASING = YES;
				CLANG_WARN_BOOL_CONVERSION = YES;
				CLANG_WARN_COMMA = YES;
				CLANG_WARN_CONSTANT_CONVERSION = YES;
				CLANG_WARN_DEPRECATED_OBJC_IMPLEMENTATIONS = YES;
				CLANG_WARN_DIRECT_OBJC_ISA_USAGE = YES_ERROR;
				CLANG_WARN_DOCUMENTATION_COMMENTS = YES;
				CLANG_WARN_EMPTY_BODY = YES;
				CLANG_WARN_ENUM_CONVERSION = YES;
				CLANG_WARN_INFINITE_RECURSION = YES;
				CLANG_WARN_INT_CONVERSION = YES;
				CLANG_WARN_NON_LITERAL_NULL_CONVERSION = YES;
				CLANG_WARN_OBJC_IMPLICIT_RETAIN_SELF = YES;
				CLANG_WARN_OBJC_LITERAL_CONVERSION = YES;
				CLANG_WARN_OBJC_ROOT_CLASS = YES_ERROR;
				CLANG_WARN_QUOTED_INCLUDE_IN_FRAMEWORK_HEADER = YES;
				CLANG_WARN_RANGE_LOOP_ANALYSIS = YES;
				CLANG_WARN_STRICT_PROTOTYPES = YES;
				CLANG_WARN_SUSPICIOUS_MOVE = YES;
				CLANG_WARN_UNGUARDED_AVAILABILITY = YES_AGGRESSIVE;
				CLANG_WARN_UNREACHABLE_CODE = YES;
				CLANG_WARN__DUPLICATE_METHOD_MATCH = YES;
				COPY_PHASE_STRIP = NO;
				DEBUG_INFORMATION_FORMAT = dwarf;
				ENABLE_STRICT_OBJC_MSGSEND = YES;
				ENABLE_TESTABILITY = YES;
				ENABLE_USER_SCRIPT_SANDBOXING = YES;
				GCC_C_LANGUAGE_STANDARD = gnu17;
				GCC_DYNAMIC_NO_PIC = NO;
				GCC_NO_COMMON_BLOCKS = YES;
				GCC_OPTIMIZATION_LEVEL = 0;
				GCC_PREPROCESSOR_DEFINITIONS = (
					"DEBUG=1",
					"$(inherited)",
				);
				GCC_WARN_64_TO_32_BIT_CONVERSION = YES;
				GCC_WARN_ABOUT_RETURN_TYPE = YES_ERROR;
				GCC_WARN_UNDECLARED_SELECTOR = YES;
				GCC_WARN_UNINITIALIZED_AUTOS = YES_AGGRESSIVE;
				GCC_WARN_UNUSED_FUNCTION = YES;
				GCC_WARN_UNUSED_VARIABLE = YES;
				IPHONEOS_DEPLOYMENT_TARGET = 18.6;
				LOCALIZATION_PREFERS_STRING_CATALOGS = YES;
				MTL_ENABLE_DEBUG_INFO = INCLUDE_SOURCE;
				MTL_FAST_MATH = YES;
				ONLY_ACTIVE_ARCH = YES;
				SDKROOT = iphoneos;
				SWIFT_ACTIVE_COMPILATION_CONDITIONS = "DEBUG $(inherited)";
				SWIFT_OPTIMIZATION_LEVEL = "-Onone";
			};
			name = Debug;
		};
		D16774A62E04B62700967AC8 /* Release configuration for PBXProject "LexiGrow" */ = {
			isa = XCBuildConfiguration;
			buildSettings = {
				ALWAYS_SEARCH_USER_PATHS = NO;
				ASSETCATALOG_COMPILER_GENERATE_SWIFT_ASSET_SYMBOL_EXTENSIONS = YES;
				CLANG_ANALYZER_NONNULL = YES;
				CLANG_ANALYZER_NUMBER_OBJECT_CONVERSION = YES_AGGRESSIVE;
				CLANG_CXX_LANGUAGE_STANDARD = "gnu++20";
				CLANG_ENABLE_MODULES = YES;
				CLANG_ENABLE_OBJC_ARC = YES;
				CLANG_ENABLE_OBJC_WEAK = YES;
				CLANG_WARN_BLOCK_CAPTURE_AUTORELEASING = YES;
				CLANG_WARN_BOOL_CONVERSION = YES;
				CLANG_WARN_COMMA = YES;
				CLANG_WARN_CONSTANT_CONVERSION = YES;
				CLANG_WARN_DEPRECATED_OBJC_IMPLEMENTATIONS = YES;
				CLANG_WARN_DIRECT_OBJC_ISA_USAGE = YES_ERROR;
				CLANG_WARN_DOCUMENTATION_COMMENTS = YES;
				CLANG_WARN_EMPTY_BODY = YES;
				CLANG_WARN_ENUM_CONVERSION = YES;
				CLANG_WARN_INFINITE_RECURSION = YES;
				CLANG_WARN_INT_CONVERSION = YES;
				CLANG_WARN_NON_LITERAL_NULL_CONVERSION = YES;
				CLANG_WARN_OBJC_IMPLICIT_RETAIN_SELF = YES;
				CLANG_WARN_OBJC_LITERAL_CONVERSION = YES;
				CLANG_WARN_OBJC_ROOT_CLASS = YES_ERROR;
				CLANG_WARN_QUOTED_INCLUDE_IN_FRAMEWORK_HEADER = YES;
				CLANG_WARN_RANGE_LOOP_ANALYSIS = YES;
				CLANG_WARN_STRICT_PROTOTYPES = YES;
				CLANG_WARN_SUSPICIOUS_MOVE = YES;
				CLANG_WARN_UNGUARDED_AVAILABILITY = YES_AGGRESSIVE;
				CLANG_WARN_UNREACHABLE_CODE = YES;
				CLANG_WARN__DUPLICATE_METHOD_MATCH = YES;
				COPY_PHASE_STRIP = NO;
				DEBUG_INFORMATION_FORMAT = "dwarf-with-dsym";
				ENABLE_NS_ASSERTIONS = NO;
				ENABLE_STRICT_OBJC_MSGSEND = YES;
				ENABLE_USER_SCRIPT_SANDBOXING = YES;
				GCC_C_LANGUAGE_STANDARD = gnu17;
				GCC_NO_COMMON_BLOCKS = YES;
				GCC_WARN_64_TO_32_BIT_CONVERSION = YES;
				GCC_WARN_ABOUT_RETURN_TYPE = YES_ERROR;
				GCC_WARN_UNDECLARED_SELECTOR = YES;
				GCC_WARN_UNINITIALIZED_AUTOS = YES_AGGRESSIVE;
				GCC_WARN_UNUSED_FUNCTION = YES;
				GCC_WARN_UNUSED_VARIABLE = YES;
				IPHONEOS_DEPLOYMENT_TARGET = 18.6;
				LOCALIZATION_PREFERS_STRING_CATALOGS = YES;
				MTL_ENABLE_DEBUG_INFO = NO;
				MTL_FAST_MATH = YES;
				SDKROOT = iphoneos;
				SWIFT_COMPILATION_MODE = wholemodule;
				VALIDATE_PRODUCT = YES;
			};
			name = Release;
		};
		D16774A82E04B62700967AC8 /* Debug configuration for PBXNativeTarget "LexiGrow" */ = {
			isa = XCBuildConfiguration;
			buildSettings = {
				ASSETCATALOG_COMPILER_APPICON_NAME = AppIcon;
				ASSETCATALOG_COMPILER_GLOBAL_ACCENT_COLOR_NAME = AccentColor;
				CODE_SIGN_STYLE = Automatic;
				CURRENT_PROJECT_VERSION = 1;
				DEVELOPMENT_ASSET_PATHS = "\"LexiGrow/Preview Content\"";
				DEVELOPMENT_TEAM = 5C7T379SKG;
				ENABLE_PREVIEWS = YES;
				GENERATE_INFOPLIST_FILE = YES;
				INFOPLIST_FILE = LexiGrow/Resources/Info.plist;
				INFOPLIST_KEY_LSApplicationCategoryType = "public.app-category.education";
				INFOPLIST_KEY_UIApplicationSceneManifest_Generation = YES;
				INFOPLIST_KEY_UIApplicationSupportsIndirectInputEvents = YES;
				INFOPLIST_KEY_UILaunchScreen_Generation = YES;
				INFOPLIST_KEY_UISupportedInterfaceOrientations = UIInterfaceOrientationPortrait;
				INFOPLIST_KEY_UISupportedInterfaceOrientations_iPad = "UIInterfaceOrientationLandscapeLeft UIInterfaceOrientationLandscapeRight";
				IPHONEOS_DEPLOYMENT_TARGET = 26.0;
				LD_RUNPATH_SEARCH_PATHS = (
					"$(inherited)",
					"@executable_path/Frameworks",
				);
				MARKETING_VERSION = 1.0;
				PRODUCT_BUNDLE_IDENTIFIER = com.alexandr1anov.LexiGrow;
				PRODUCT_NAME = "$(TARGET_NAME)";
				SUPPORTED_PLATFORMS = "iphoneos iphonesimulator";
				SUPPORTS_MACCATALYST = NO;
				SUPPORTS_MAC_DESIGNED_FOR_IPHONE_IPAD = NO;
				SUPPORTS_XR_DESIGNED_FOR_IPHONE_IPAD = NO;
				SWIFT_EMIT_LOC_STRINGS = YES;
				SWIFT_VERSION = 5.0;
				TARGETED_DEVICE_FAMILY = 1;
			};
			name = Debug;
		};
		D16774A92E04B62700967AC8 /* Release configuration for PBXNativeTarget "LexiGrow" */ = {
			isa = XCBuildConfiguration;
			buildSettings = {
				ASSETCATALOG_COMPILER_APPICON_NAME = AppIcon;
				ASSETCATALOG_COMPILER_GLOBAL_ACCENT_COLOR_NAME = AccentColor;
				CODE_SIGN_STYLE = Automatic;
				CURRENT_PROJECT_VERSION = 1;
				DEVELOPMENT_ASSET_PATHS = "\"LexiGrow/Preview Content\"";
				DEVELOPMENT_TEAM = 5C7T379SKG;
				ENABLE_PREVIEWS = YES;
				GENERATE_INFOPLIST_FILE = YES;
				INFOPLIST_FILE = LexiGrow/Resources/Info.plist;
				INFOPLIST_KEY_LSApplicationCategoryType = "public.app-category.education";
				INFOPLIST_KEY_UIApplicationSceneManifest_Generation = YES;
				INFOPLIST_KEY_UIApplicationSupportsIndirectInputEvents = YES;
				INFOPLIST_KEY_UILaunchScreen_Generation = YES;
				INFOPLIST_KEY_UISupportedInterfaceOrientations = UIInterfaceOrientationPortrait;
				INFOPLIST_KEY_UISupportedInterfaceOrientations_iPad = "UIInterfaceOrientationLandscapeLeft UIInterfaceOrientationLandscapeRight";
				IPHONEOS_DEPLOYMENT_TARGET = 26.0;
				LD_RUNPATH_SEARCH_PATHS = (
					"$(inherited)",
					"@executable_path/Frameworks",
				);
				MARKETING_VERSION = 1.0;
				PRODUCT_BUNDLE_IDENTIFIER = com.alexandr1anov.LexiGrow;
				PRODUCT_NAME = "$(TARGET_NAME)";
				SUPPORTED_PLATFORMS = "iphoneos iphonesimulator";
				SUPPORTS_MACCATALYST = NO;
				SUPPORTS_MAC_DESIGNED_FOR_IPHONE_IPAD = NO;
				SUPPORTS_XR_DESIGNED_FOR_IPHONE_IPAD = NO;
				SWIFT_EMIT_LOC_STRINGS = YES;
				SWIFT_VERSION = 5.0;
				TARGETED_DEVICE_FAMILY = 1;
			};
			name = Release;
		};
		D197FB992E7760480038BFF3 /* Debug configuration for PBXNativeTarget "LexiGrowTests" */ = {
			isa = XCBuildConfiguration;
			buildSettings = {
				BUNDLE_LOADER = "$(TEST_HOST)";
				CODE_SIGN_STYLE = Automatic;
				CURRENT_PROJECT_VERSION = 1;
				DEVELOPMENT_TEAM = 5C7T379SKG;
				GENERATE_INFOPLIST_FILE = YES;
				IPHONEOS_DEPLOYMENT_TARGET = 18.6;
				MARKETING_VERSION = 1.0;
				PRODUCT_BUNDLE_IDENTIFIER = com.alexandr1anovx.LexiGrowTests;
				PRODUCT_NAME = "$(TARGET_NAME)";
				SUPPORTED_PLATFORMS = "iphoneos iphonesimulator";
				SUPPORTS_MACCATALYST = NO;
				SUPPORTS_MAC_DESIGNED_FOR_IPHONE_IPAD = NO;
				SUPPORTS_XR_DESIGNED_FOR_IPHONE_IPAD = NO;
				SWIFT_EMIT_LOC_STRINGS = NO;
				SWIFT_VERSION = 5.0;
				TARGETED_DEVICE_FAMILY = 1;
				TEST_HOST = "$(BUILT_PRODUCTS_DIR)/LexiGrow.app/$(BUNDLE_EXECUTABLE_FOLDER_PATH)/LexiGrow";
			};
			name = Debug;
		};
		D197FB9A2E7760480038BFF3 /* Release configuration for PBXNativeTarget "LexiGrowTests" */ = {
			isa = XCBuildConfiguration;
			buildSettings = {
				BUNDLE_LOADER = "$(TEST_HOST)";
				CODE_SIGN_STYLE = Automatic;
				CURRENT_PROJECT_VERSION = 1;
				DEVELOPMENT_TEAM = 5C7T379SKG;
				GENERATE_INFOPLIST_FILE = YES;
				IPHONEOS_DEPLOYMENT_TARGET = 18.6;
				MARKETING_VERSION = 1.0;
				PRODUCT_BUNDLE_IDENTIFIER = com.alexandr1anovx.LexiGrowTests;
				PRODUCT_NAME = "$(TARGET_NAME)";
				SUPPORTED_PLATFORMS = "iphoneos iphonesimulator";
				SUPPORTS_MACCATALYST = NO;
				SUPPORTS_MAC_DESIGNED_FOR_IPHONE_IPAD = NO;
				SUPPORTS_XR_DESIGNED_FOR_IPHONE_IPAD = NO;
				SWIFT_EMIT_LOC_STRINGS = NO;
				SWIFT_VERSION = 5.0;
				TARGETED_DEVICE_FAMILY = 1;
				TEST_HOST = "$(BUILT_PRODUCTS_DIR)/LexiGrow.app/$(BUNDLE_EXECUTABLE_FOLDER_PATH)/LexiGrow";
			};
			name = Release;
		};
		D197FBA92E77608F0038BFF3 /* Debug configuration for PBXNativeTarget "LexiGrowUITests" */ = {
			isa = XCBuildConfiguration;
			buildSettings = {
				CODE_SIGN_STYLE = Automatic;
				CURRENT_PROJECT_VERSION = 1;
				DEVELOPMENT_TEAM = 5C7T379SKG;
				GENERATE_INFOPLIST_FILE = YES;
				IPHONEOS_DEPLOYMENT_TARGET = 18.6;
				MARKETING_VERSION = 1.0;
				PRODUCT_BUNDLE_IDENTIFIER = com.alexandr1anovx.LexiGrowUITests;
				PRODUCT_NAME = "$(TARGET_NAME)";
				SUPPORTED_PLATFORMS = "iphoneos iphonesimulator";
				SUPPORTS_MACCATALYST = NO;
				SUPPORTS_MAC_DESIGNED_FOR_IPHONE_IPAD = NO;
				SUPPORTS_XR_DESIGNED_FOR_IPHONE_IPAD = NO;
				SWIFT_EMIT_LOC_STRINGS = NO;
				SWIFT_VERSION = 5.0;
				TARGETED_DEVICE_FAMILY = 1;
				TEST_TARGET_NAME = LexiGrow;
			};
			name = Debug;
		};
		D197FBAA2E77608F0038BFF3 /* Release configuration for PBXNativeTarget "LexiGrowUITests" */ = {
			isa = XCBuildConfiguration;
			buildSettings = {
				CODE_SIGN_STYLE = Automatic;
				CURRENT_PROJECT_VERSION = 1;
				DEVELOPMENT_TEAM = 5C7T379SKG;
				GENERATE_INFOPLIST_FILE = YES;
				IPHONEOS_DEPLOYMENT_TARGET = 18.6;
				MARKETING_VERSION = 1.0;
				PRODUCT_BUNDLE_IDENTIFIER = com.alexandr1anovx.LexiGrowUITests;
				PRODUCT_NAME = "$(TARGET_NAME)";
				SUPPORTED_PLATFORMS = "iphoneos iphonesimulator";
				SUPPORTS_MACCATALYST = NO;
				SUPPORTS_MAC_DESIGNED_FOR_IPHONE_IPAD = NO;
				SUPPORTS_XR_DESIGNED_FOR_IPHONE_IPAD = NO;
				SWIFT_EMIT_LOC_STRINGS = NO;
				SWIFT_VERSION = 5.0;
				TARGETED_DEVICE_FAMILY = 1;
				TEST_TARGET_NAME = LexiGrow;
			};
			name = Release;
		};
/* End XCBuildConfiguration section */

/* Begin XCConfigurationList section */
		D16774942E04B62500967AC8 /* Build configuration list for PBXProject "LexiGrow" */ = {
			isa = XCConfigurationList;
			buildConfigurations = (
				D16774A52E04B62700967AC8 /* Debug configuration for PBXProject "LexiGrow" */,
				D16774A62E04B62700967AC8 /* Release configuration for PBXProject "LexiGrow" */,
			);
			defaultConfigurationName = Release;
		};
		D16774A72E04B62700967AC8 /* Build configuration list for PBXNativeTarget "LexiGrow" */ = {
			isa = XCConfigurationList;
			buildConfigurations = (
				D16774A82E04B62700967AC8 /* Debug configuration for PBXNativeTarget "LexiGrow" */,
				D16774A92E04B62700967AC8 /* Release configuration for PBXNativeTarget "LexiGrow" */,
			);
			defaultConfigurationName = Release;
		};
		D197FB9B2E7760480038BFF3 /* Build configuration list for PBXNativeTarget "LexiGrowTests" */ = {
			isa = XCConfigurationList;
			buildConfigurations = (
				D197FB992E7760480038BFF3 /* Debug configuration for PBXNativeTarget "LexiGrowTests" */,
				D197FB9A2E7760480038BFF3 /* Release configuration for PBXNativeTarget "LexiGrowTests" */,
			);
			defaultConfigurationName = Release;
		};
		D197FBA82E77608F0038BFF3 /* Build configuration list for PBXNativeTarget "LexiGrowUITests" */ = {
			isa = XCConfigurationList;
			buildConfigurations = (
				D197FBA92E77608F0038BFF3 /* Debug configuration for PBXNativeTarget "LexiGrowUITests" */,
				D197FBAA2E77608F0038BFF3 /* Release configuration for PBXNativeTarget "LexiGrowUITests" */,
			);
			defaultConfigurationName = Release;
		};
/* End XCConfigurationList section */

/* Begin XCRemoteSwiftPackageReference section */
		D1C6D9322E1AA5840084D5D3 /* XCRemoteSwiftPackageReference "supabase-swift" */ = {
			isa = XCRemoteSwiftPackageReference;
			repositoryURL = "https://github.com/supabase/supabase-swift.git";
			requirement = {
				kind = upToNextMajorVersion;
				minimumVersion = 2.5.1;
			};
		};
/* End XCRemoteSwiftPackageReference section */

/* Begin XCSwiftPackageProductDependency section */
		D1C6D9422E1ABB8A0084D5D3 /* Supabase */ = {
			isa = XCSwiftPackageProductDependency;
			package = D1C6D9322E1AA5840084D5D3 /* XCRemoteSwiftPackageReference "supabase-swift" */;
			productName = Supabase;
		};
/* End XCSwiftPackageProductDependency section */
	};
	rootObject = D16774912E04B62500967AC8 /* Project object */;
}
